
Microsoft Visual Studio Solution File, Format Version 12.00
# Visual Studio 14
VisualStudioVersion = 14.0.25420.1
MinimumVisualStudioVersion = 10.0.40219.1
Project("{FAE04EC0-301F-11D3-BF4B-00C04F79EFBC}") = "level1.Code", "level1.Code\level1.Code.csproj", "{06DE60BD-2184-483B-BF58-2EC163D934FD}"
EndProject
Project("{FAE04EC0-301F-11D3-BF4B-00C04F79EFBC}") = "level1.App", "level1.App\level1.App.csproj", "{4F1B53A7-8516-4DD3-9276-A000BEAC2752}"
EndProject
Global
	GlobalSection(SolutionConfigurationPlatforms) = preSolution
		Debug|Any CPU = Debug|Any CPU
		Release|Any CPU = Release|Any CPU
	EndGlobalSection
	GlobalSection(ProjectConfigurationPlatforms) = postSolution
		{06DE60BD-2184-483B-BF58-2EC163D934FD}.Debug|Any CPU.ActiveCfg = Debug|Any CPU
		{06DE60BD-2184-483B-BF58-2EC163D934FD}.Debug|Any CPU.Build.0 = Debug|Any CPU
		{06DE60BD-2184-483B-BF58-2EC163D934FD}.Release|Any CPU.ActiveCfg = Release|Any CPU
		{06DE60BD-2184-483B-BF58-2EC163D934FD}.Release|Any CPU.Build.0 = Release|Any CPU
		{4F1B53A7-8516-4DD3-9276-A000BEAC2752}.Debug|Any CPU.ActiveCfg = Debug|Any CPU
		{4F1B53A7-8516-4DD3-9276-A000BEAC2752}.Debug|Any CPU.Build.0 = Debug|Any CPU
		{4F1B53A7-8516-4DD3-9276-A000BEAC2752}.Release|Any CPU.ActiveCfg = Release|Any CPU
		{4F1B53A7-8516-4DD3-9276-A000BEAC2752}.Release|Any CPU.Build.0 = Release|Any CPU
	EndGlobalSection
	GlobalSection(SolutionProperties) = preSolution
		HideSolutionNode = FALSE
	EndGlobalSection
EndGlobal
